
Microsoft Visual Studio Solution File, Format Version 12.00
# Visual Studio Version 16
VisualStudioVersion = 16.0.31911.196
MinimumVisualStudioVersion = 10.0.40219.1
Project("{FAE04EC0-301F-11D3-BF4B-00C04F79EFBC}") = "Garmoxu_ImageUpload", "Garmoxu_ImageUpload\Garmoxu_ImageUpload.csproj", "{FE1B668B-DD74-4943-A5CE-34250B4881CA}"
EndProject
Global
	GlobalSection(SolutionConfigurationPlatforms) = preSolution
		Debug|Any CPU = Debug|Any CPU
		Release|Any CPU = Release|Any CPU
	EndGlobalSection
	GlobalSection(ProjectConfigurationPlatforms) = postSolution
		{FE1B668B-DD74-4943-A5CE-34250B4881CA}.Debug|Any CPU.ActiveCfg = Debug|Any CPU
		{FE1B668B-DD74-4943-A5CE-34250B4881CA}.Debug|Any CPU.Build.0 = Debug|Any CPU
		{FE1B668B-DD74-4943-A5CE-34250B4881CA}.Release|Any CPU.ActiveCfg = Release|Any CPU
		{FE1B668B-DD74-4943-A5CE-34250B4881CA}.Release|Any CPU.Build.0 = Release|Any CPU
	EndGlobalSection
	GlobalSection(SolutionProperties) = preSolution
		HideSolutionNode = FALSE
	EndGlobalSection
	GlobalSection(ExtensibilityGlobals) = postSolution
		SolutionGuid = {A4B4910D-F4E3-455F-A452-7A95F67A647E}
	EndGlobalSection
EndGlobal
